
Microsoft Visual Studio Solution File, Format Version 12.00
# Visual Studio Version 17
VisualStudioVersion = 17.10.35013.160
MinimumVisualStudioVersion = 10.0.40219.1
Project("{FAE04EC0-301F-11D3-BF4B-00C04F79EFBC}") = "KaleLojistikWebAPI", "KaleLojistikAPI\KaleLojistikWebAPI.csproj", "{963BB5E3-FC72-4E53-8073-148B7B1756AA}"
EndProject
Project("{FAE04EC0-301F-11D3-BF4B-00C04F79EFBC}") = "Entities", "Entities\Entities.csproj", "{3C2E6553-0667-4CC8-A373-1763105B3AF6}"
EndProject
Project("{FAE04EC0-301F-11D3-BF4B-00C04F79EFBC}") = "Buisness", "Buisness\Buisness.csproj", "{16E6DF84-A302-4C7B-B62E-96FD5166C7AA}"
EndProject
Project("{FAE04EC0-301F-11D3-BF4B-00C04F79EFBC}") = "DataAccess", "DataAccess\DataAccess.csproj", "{1B97016C-B7FA-4854-AF97-271878465AE3}"
EndProject
Project("{FAE04EC0-301F-11D3-BF4B-00C04F79EFBC}") = "Core", "Core\Core.csproj", "{F2B56C5A-9370-464E-AEF7-C998E425E092}"
EndProject
Global
	GlobalSection(SolutionConfigurationPlatforms) = preSolution
		Debug|Any CPU = Debug|Any CPU
		Release|Any CPU = Release|Any CPU
	EndGlobalSection
	GlobalSection(ProjectConfigurationPlatforms) = postSolution
		{963BB5E3-FC72-4E53-8073-148B7B1756AA}.Debug|Any CPU.ActiveCfg = Debug|Any CPU
		{963BB5E3-FC72-4E53-8073-148B7B1756AA}.Debug|Any CPU.Build.0 = Debug|Any CPU
		{963BB5E3-FC72-4E53-8073-148B7B1756AA}.Release|Any CPU.ActiveCfg = Release|Any CPU
		{963BB5E3-FC72-4E53-8073-148B7B1756AA}.Release|Any CPU.Build.0 = Release|Any CPU
		{3C2E6553-0667-4CC8-A373-1763105B3AF6}.Debug|Any CPU.ActiveCfg = Debug|Any CPU
		{3C2E6553-0667-4CC8-A373-1763105B3AF6}.Debug|Any CPU.Build.0 = Debug|Any CPU
		{3C2E6553-0667-4CC8-A373-1763105B3AF6}.Release|Any CPU.ActiveCfg = Release|Any CPU
		{3C2E6553-0667-4CC8-A373-1763105B3AF6}.Release|Any CPU.Build.0 = Release|Any CPU
		{16E6DF84-A302-4C7B-B62E-96FD5166C7AA}.Debug|Any CPU.ActiveCfg = Debug|Any CPU
		{16E6DF84-A302-4C7B-B62E-96FD5166C7AA}.Debug|Any CPU.Build.0 = Debug|Any CPU
		{16E6DF84-A302-4C7B-B62E-96FD5166C7AA}.Release|Any CPU.ActiveCfg = Release|Any CPU
		{16E6DF84-A302-4C7B-B62E-96FD5166C7AA}.Release|Any CPU.Build.0 = Release|Any CPU
		{1B97016C-B7FA-4854-AF97-271878465AE3}.Debug|Any CPU.ActiveCfg = Debug|Any CPU
		{1B97016C-B7FA-4854-AF97-271878465AE3}.Debug|Any CPU.Build.0 = Debug|Any CPU
		{1B97016C-B7FA-4854-AF97-271878465AE3}.Release|Any CPU.ActiveCfg = Release|Any CPU
		{1B97016C-B7FA-4854-AF97-271878465AE3}.Release|Any CPU.Build.0 = Release|Any CPU
		{F2B56C5A-9370-464E-AEF7-C998E425E092}.Debug|Any CPU.ActiveCfg = Debug|Any CPU
		{F2B56C5A-9370-464E-AEF7-C998E425E092}.Debug|Any CPU.Build.0 = Debug|Any CPU
		{F2B56C5A-9370-464E-AEF7-C998E425E092}.Release|Any CPU.ActiveCfg = Release|Any CPU
		{F2B56C5A-9370-464E-AEF7-C998E425E092}.Release|Any CPU.Build.0 = Release|Any CPU
	EndGlobalSection
	GlobalSection(SolutionProperties) = preSolution
		HideSolutionNode = FALSE
	EndGlobalSection
	GlobalSection(ExtensibilityGlobals) = postSolution
		SolutionGuid = {5D8AE847-B8DC-477B-AF6B-6E316587E8D4}
	EndGlobalSection
EndGlobal
